
Microsoft Visual Studio Solution File, Format Version 12.00
# Visual Studio Version 17
VisualStudioVersion = 17.8.34511.84
MinimumVisualStudioVersion = 10.0.40219.1
Project("{FAE04EC0-301F-11D3-BF4B-00C04F79EFBC}") = "DigitalDesignIntern", "DigitalDesignIntern\DigitalDesignIntern.csproj", "{4BB3FD00-E0B4-4202-9D4C-D7400388ED5B}"
EndProject
Global
	GlobalSection(SolutionConfigurationPlatforms) = preSolution
		Debug|Any CPU = Debug|Any CPU
		Release|Any CPU = Release|Any CPU
	EndGlobalSection
	GlobalSection(ProjectConfigurationPlatforms) = postSolution
		{4BB3FD00-E0B4-4202-9D4C-D7400388ED5B}.Debug|Any CPU.ActiveCfg = Debug|Any CPU
		{4BB3FD00-E0B4-4202-9D4C-D7400388ED5B}.Debug|Any CPU.Build.0 = Debug|Any CPU
		{4BB3FD00-E0B4-4202-9D4C-D7400388ED5B}.Release|Any CPU.ActiveCfg = Release|Any CPU
		{4BB3FD00-E0B4-4202-9D4C-D7400388ED5B}.Release|Any CPU.Build.0 = Release|Any CPU
	EndGlobalSection
	GlobalSection(SolutionProperties) = preSolution
		HideSolutionNode = FALSE
	EndGlobalSection
	GlobalSection(ExtensibilityGlobals) = postSolution
		SolutionGuid = {B818A3EC-75F7-4002-9AF6-022CD2A81FE4}
	EndGlobalSection
EndGlobal
